{
    "requires": true,
    "lockfileVersion": 1,
    "dependencies": {
        "bootstrap": {
            "version": "4.0.0-beta.2",
            "resolved": "https://registry.npmjs.org/bootstrap/-/bootstrap-4.0.0-beta.2.tgz",
            "integrity": "sha512-DzGtdTlKbrMoGMpz0LigKSqJ+MgtFKxA791PU/q062OlRG0HybNZcTLH7rpDAmLS66Y3esN9yzKHLLbqa5UR3w==",
            "dev": true
        },
        "jquery": {
            "version": "3.2.1",
            "resolved": "https://registry.npmjs.org/jquery/-/jquery-3.2.1.tgz",
            "integrity": "sha1-XE2d5lKvbNCncBVKYxu6ErAVx4c=",
            "dev": true
        },
        "normalize.css": {
            "version": "7.0.0",
            "resolved": "https://registry.npmjs.org/normalize.css/-/normalize.css-7.0.0.tgz",
            "integrity": "sha1-q/sd2CRwZ04DIrU86xqvQSk45L8="
        },
        "popper.js": {
            "version": "1.12.9",
            "resolved": "https://registry.npmjs.org/popper.js/-/popper.js-1.12.9.tgz",
            "integrity": "sha1-DfvC3/lsRRuzMu3Pz6r1ZtMx1bM=",
            "dev": true
        },
        "tooltip.js": {
            "version": "1.1.7",
            "resolved": "https://registry.npmjs.org/tooltip.js/-/tooltip.js-1.1.7.tgz",
            "integrity": "sha1-HF+lzW118lAvuVkPmxD8heZwR3w=",
            "dev": true,
            "requires": {
                "popper.js": "1.12.9"
            }
        },
        "vue": {
            "version": "2.5.6",
            "resolved": "https://registry.npmjs.org/vue/-/vue-2.5.6.tgz",
            "integrity": "sha512-EnTiSZKkaQmsbpgsWN01VrGYisBXvjU1iqoK2xpUOLdri8vxQyYi5CjRtT33K3JI49WaiG8XnsIGEhNnROj2fQ==",
            "dev": true
        }
    }
}
